{
  "version": 4,
  "terraform_version": "0.13.0",
  "serial": 12,
  "lineage": "6f7e33df-83ef-619b-36ea-c235d6dc8822",
  "outputs": {
    "azurerm_resource_group_name": {
      "value": "ansibledev-dc",
      "type": "string"
    },
    "azurerm_virtual_network_name": {
      "value": "ansibledev-dc",
      "type": "string"
    },
    "pip1": {
      "value": "ansibledev-dc.australiaeast.cloudapp.azure.com",
      "type": "string"
    },
    "tls_private_key": {
      "value": "-----BEGIN RSA PRIVATE KEY-----\nMIIJKQIBAAKCAgEApc1thdEBuH/CnXAMF/zo0mJkGVj+dxJ3/lGtBbJRWBJuY1cb\n68Q5RZMydMZf1KBMNbHl9PzJz7YQIUBwcArHPNdQn8KyucR8kOWMbDpkcoeSfalH\n+egAQIJ8Jq1F9uuyfbRm5fMrld+oI1BrYbwmxfA8N56zTFToxZ6DFdmSeacEyzhU\n6zuNlRNxVRGKRKcnhzeNCItdIm39GcbDazdFHsqLtn9TjIsU6CNiwUDbuiQZi627\nDyY+muqFlBPKVl28IgoMt8a+YMZLIJL5nJ4X6SqZha5yUZE3Htx//mHgaCzQ6WnP\n85r5GJLwyOhukPHnDCd54CrlgGKxOFdgTdkvij3UAx/JEJw6OlBIl61rSjPzVCIR\nwEx31qavSLOl/SLpuRE038lkmALNqxvMs17Hk6W3nlFoXusqVj2o2N/oyllokcVv\nWRmOOEoQtmSpqWck7hup9P2BiFdP/i5y9z5g/3pDM8QCortnMj19L+akQXOjZDzS\n2hu0vh/XyuvSP6JTsOiK5/jycj87LM3esIt7igbCshuYkmczsIEXBnk81/e7QNSP\nP+5MaczYg2hfI+T/9MHHwqvbFcDeU62YF+w12G3AhKu9+KXrF+qmc70pYGRFrXaI\nqoeizNjKAdgRaL4c9EhSUeL8B+5uUxKko4AsYlAISTbSoRMjwTkPKGlnSAUCAwEA\nAQKCAgBbSqo0VSmiYc5Ri6FND/dN59j/z+2EuImTYXtoOI/rc3KOhiccgNWcBnlw\nrM2VMJHlusdIRmwET1XASU/fkT+0s0V0QerQuGxyB8Jy0Q//s8AoKq4z3tdMrcwY\nK63rUEneRxelI2hrRFO65gvKK6QZtrYhVeOZcuMb9LRusnahPyI3lxPC1e6WF7d+\nRIMiW/s6y45/FuU4EOGccMGm5i7LznBxEth4+ReQ3fMBP2n8quXZ79WgeMld2SWl\nq+Pr+/6bq3bnNaobdPNmwyZnYvD9dHRFlBDj8pYsCvL6qP+7vHlnG9jhZAIl0rp7\nlOdULa2vFolXsabeMvkrcYjYNG6kx5JyLUI9tO7E+Y4fm4rX8P+xDpvlaiY7sLkl\nDaRPFqATW/bmVR4DKc+ywtapc/wRynitr4g79KkM93SyneXwUV8dxcL1GEwWD80f\nAr1SHI6En+wbo9Zqua/RSlhjYCpH7j/sHm1RSxBVVZZXS3Ap/h7Ek9MRZJtcGXUG\nX+l/WO5QNjZxYa9VwGS2RBrGBxY33pWiXPZxI2N6aKinjCtNrcywR7qE2qpQhsO+\nAMPGED/khP8hnPRHRcJlo2AqcQ9yYOrHomxCGUCo8W1oZYlbQxgAOitApr9pD4+e\nf6A+taonUUX8/rYCzyBmAhLywHPGs8FdJ91cjwVgk1VQtf8ufQKCAQEAy0yqc6A5\nN9vWSjoH3zzBdSkd0R1s1nEbgCTFKLCa3xa0PCgadWIXUI+Py8BtUZaPlB/8KexI\nfsLkc1kk+AuEwcD10GARTDflYJbneGL4C7876Jk2hupZtNmNBiPMW8/lAhtdwgO7\n5zf113m6ILeYTFwks+I7ILM/EMZeuQB/tkmEuxPQnUA/mKADENjvqgWNvg5nFX4F\nyDByaCrS32ia13NO8Iq67Nl0Xc0ldFhzD3zEUVHq43E0JuS8wR3Ulcext4e/5BbB\nCZKkD/LL7H6cOiD5IRKPNYssi/3qFZbZvyMBvY/K/dJoyA2U71C/FlWYlI4zwBk7\nmNrWmFQ4h4rhvwKCAQEA0MhjpkofCztWkDgG8YBbadZoL/y7kDiepx7UgyNSXe/+\nCupgECn5R8V7+9W66Y9UdUsKpUSvLEG/acYOtZUpyZMc0fHMHgGCHJFvEKATYXOM\n0sEXdI3XjPSvsz9bLfQ0LsImXseeB+mCfcgsXo5uLt74ZxTARQB0ngS/CF/rORRu\nFJoXMbFATzNGkGYO9lSrsYbnWdb+/2RsLJvrmfqmEn58Wv+kP3d9nAVPYLhtT0to\na/Nm02rvzAj9E7mYfyjoOqweesPpBAnU2tkoVkFwDsrxvc1DIIt6euuBl3QJVsF/\nazdXPMVTNCzKLk2Qt+pyBV8MQPAtEVTRDgM0/Hj/OwKCAQEAh4288Y/Z1wb8IU4E\nRbNLAwXBXdeS5IFSZuUdmP34pduLnbjXu4EGLq8qoB7URVxwq8GP75we0na8wLSl\n08ZKZK52uNP1dK6ogPjdqgXDgoGmPnc6RkcoPU/5mihwcJ90AS2iHGVE+uzzPRNr\nKbmBERk3V8H2ztz1pge+zPgqL69hkyOpK9DVFr1Kjgc39lPxqNINpeT7kfnLru0u\n4cvrwtCdyAGYlaiA0LKi0KrRPXhhph9K0RCAR5aozNNJFf2q38biCgGqAOoH/qJT\nmoLpRFEMDCNF3dvIfid116NX2PxMgsrH/Oo493sm3VMntoqoTBVtKB8q/8aa48L0\nVlwiHQKCAQEAi1fzCh0WMwzbbU23dJ9SY4Tx7HUlSdBAMxHki9GbO47dYrOigadB\n9KDdauru4MsEd3QqGruInmUTN6k0UATJ6vsAlS5oKO6gxChclCACT1wrdM3itaul\nXTJBwcRbOoRt/3cc3M0lr+otaX2b/0/YQfgWmdXDrUnsizpntVMvTt1Pyvg82rGO\nVk3GnsE+4zEHlmiPJ+rSLen8OJmn2RDsnhNFNAbCvIknkGYK4Ga2reGKQ+Ijkp8g\nhHDLV8ra+KN4uw/9F7qBXmyhX57nyQnLnFPem+rPDn2ItVlRGKAdS4XBYPGCi9C3\nA2+RUO371IPoraUOLJkfux18mXmSd57Z2QKCAQAv8qLDCLQuPQ/J6a4/YQcuC3vc\ns0D4mIaJQFNOilyZsAGJJjMKyYxCIApVNfyrzfQ/RbkcKIHnCFSMn55vB+Oa/wce\n02/ZNY/KqGokAIZMXQpj8LkRBkIC7n/Q3TnUWz1cjqqvVc+D5AW+aCABtlGZCEvK\nOW6swWMoRjsKiCN9sQyh3LkwZKUcIC9+UuUcZ94wKOjHLaRnja4TcSBpbzQKg5Mc\ngOkTTp4DG3U+/pFnidO6iYFkjL8U9LsnT8C8LTWCZbstqhPHQ+78JEummqIS2TwW\nsowieuUiu5vPU2XIp3iuUftzb9OFk361Z5VJpv8+kyEQnQOFkeltS1Xg+6GX\n-----END RSA PRIVATE KEY-----\n",
      "type": "string"
    }
  },
  "resources": [
    {
      "module": "module.linux_vm",
      "mode": "data",
      "type": "azurerm_client_config",
      "name": "current",
      "provider": "provider[\"registry.terraform.io/hashicorp/azurerm\"]",
      "instances": [
        {
          "schema_version": 0,
          "attributes": {
            "client_id": "d84662ed-59c0-4373-bfaa-46fb139690cd",
            "id": "2021-07-01 10:05:10.031282374 +0000 UTC",
            "object_id": "0ad0fef8-7640-42c4-8aa3-6042965ad6d9",
            "subscription_id": "0825a2e6-549b-4c01-948e-b9f311d3c5cc",
            "tenant_id": "6945d4e9-9ba6-4340-9702-da340b1ee87e",
            "timeouts": null
          }
        }
      ]
    },
    {
      "module": "module.linux_vm",
      "mode": "data",
      "type": "azurerm_subnet",
      "name": "default",
      "provider": "provider[\"registry.terraform.io/hashicorp/azurerm\"]",
      "instances": [
        {
          "schema_version": 0,
          "attributes": {
            "address_prefix": "10.0.0.0/24",
            "address_prefixes": [
              "10.0.0.0/24"
            ],
            "enforce_private_link_endpoint_network_policies": false,
            "enforce_private_link_service_network_policies": false,
            "id": "/subscriptions/0825a2e6-549b-4c01-948e-b9f311d3c5cc/resourceGroups/ansibledev-dc/providers/Microsoft.Network/virtualNetworks/ansibledev-dc/subnets/default",
            "name": "default",
            "network_security_group_id": "/subscriptions/0825a2e6-549b-4c01-948e-b9f311d3c5cc/resourceGroups/ansibledev-dc/providers/Microsoft.Network/networkSecurityGroups/ansibledev-dc",
            "resource_group_name": "ansibledev-dc",
            "route_table_id": "",
            "service_endpoints": [],
            "timeouts": null,
            "virtual_network_name": "ansibledev-dc"
          }
        }
      ]
    },
    {
      "module": "module.linux_vm",
      "mode": "managed",
      "type": "azurerm_dev_test_global_vm_shutdown_schedule",
      "name": "vm1",
      "provider": "provider[\"registry.terraform.io/hashicorp/azurerm\"]",
      "instances": [
        {
          "schema_version": 0,
          "attributes": {
            "daily_recurrence_time": "1900",
            "enabled": true,
            "id": "/subscriptions/0825a2e6-549b-4c01-948e-b9f311d3c5cc/resourcegroups/ansibledev-dc/providers/microsoft.devtestlab/schedules/shutdown-computevm-ansibledev-dc",
            "location": "australiaeast",
            "notification_settings": [
              {
                "enabled": false,
                "time_in_minutes": 30,
                "webhook_url": ""
              }
            ],
            "tags": null,
            "timeouts": null,
            "timezone": "AUS Eastern Standard Time",
            "virtual_machine_id": "/subscriptions/0825a2e6-549b-4c01-948e-b9f311d3c5cc/resourceGroups/ansibledev-dc/providers/Microsoft.Compute/virtualMachines/ansibledev-dc"
          },
          "private": "eyJlMmJmYjczMC1lY2FhLTExZTYtOGY4OC0zNDM2M2JjN2M0YzAiOnsiY3JlYXRlIjoxODAwMDAwMDAwMDAwLCJkZWxldGUiOjE4MDAwMDAwMDAwMDAsInJlYWQiOjMwMDAwMDAwMDAwMCwidXBkYXRlIjoxODAwMDAwMDAwMDAwfX0=",
          "dependencies": [
            "module.linux_vm.azurerm_linux_virtual_machine.vm1",
            "module.linux_vm.azurerm_network_interface.nic1",
            "module.linux_vm.azurerm_network_security_group.subnet1nsg1",
            "module.linux_vm.azurerm_public_ip.pip1",
            "module.linux_vm.azurerm_resource_group.rg1",
            "module.linux_vm.azurerm_virtual_network.vnet1",
            "module.linux_vm.data.azurerm_subnet.default",
            "module.linux_vm.tls_private_key.vm1key"
          ]
        }
      ]
    },
    {
      "module": "module.linux_vm",
      "mode": "managed",
      "type": "azurerm_linux_virtual_machine",
      "name": "vm1",
      "provider": "provider[\"registry.terraform.io/hashicorp/azurerm\"]",
      "instances": [
        {
          "schema_version": 0,
          "attributes": {
            "additional_capabilities": [],
            "admin_password": null,
            "admin_ssh_key": [
              {
                "public_key": "ssh-rsa AAAAB3NzaC1yc2EAAAADAQABAAACAQClzW2F0QG4f8KdcAwX/OjSYmQZWP53Enf+Ua0FslFYEm5jVxvrxDlFkzJ0xl/UoEw1seX0/MnPthAhQHBwCsc811CfwrK5xHyQ5YxsOmRyh5J9qUf56ABAgnwmrUX267J9tGbl8yuV36gjUGthvCbF8Dw3nrNMVOjFnoMV2ZJ5pwTLOFTrO42VE3FVEYpEpyeHN40Ii10ibf0ZxsNrN0Ueyou2f1OMixToI2LBQNu6JBmLrbsPJj6a6oWUE8pWXbwiCgy3xr5gxksgkvmcnhfpKpmFrnJRkTce3H/+YeBoLNDpac/zmvkYkvDI6G6Q8ecMJ3ngKuWAYrE4V2BN2S+KPdQDH8kQnDo6UEiXrWtKM/NUIhHATHfWpq9Is6X9Ium5ETTfyWSYAs2rG8yzXseTpbeeUWhe6ypWPajY3+jKWWiRxW9ZGY44ShC2ZKmpZyTuG6n0/YGIV0/+LnL3PmD/ekMzxAKiu2cyPX0v5qRBc6NkPNLaG7S+H9fK69I/olOw6Irn+PJyPzsszd6wi3uKBsKyG5iSZzOwgRcGeTzX97tA1I8/7kxpzNiDaF8j5P/0wcfCq9sVwN5TrZgX7DXYbcCEq734pesX6qZzvSlgZEWtdoiqh6LM2MoB2BFovhz0SFJR4vwH7m5TEqSjgCxiUAhJNtKhEyPBOQ8oaWdIBQ==\n",
                "username": "ansibleadmin"
              }
            ],
            "admin_username": "ansibleadmin",
            "allow_extension_operations": true,
            "availability_set_id": "",
            "boot_diagnostics": [],
            "computer_name": "ansibledev-dc",
            "custom_data": null,
            "dedicated_host_id": "",
            "disable_password_authentication": true,
            "eviction_policy": "",
            "id": "/subscriptions/0825a2e6-549b-4c01-948e-b9f311d3c5cc/resourceGroups/ansibledev-dc/providers/Microsoft.Compute/virtualMachines/ansibledev-dc",
            "identity": [],
            "location": "australiaeast",
            "max_bid_price": -1,
            "name": "ansibledev-dc",
            "network_interface_ids": [
              "/subscriptions/0825a2e6-549b-4c01-948e-b9f311d3c5cc/resourceGroups/ansibledev-dc/providers/Microsoft.Network/networkInterfaces/ansibledev-dc"
            ],
            "os_disk": [
              {
                "caching": "ReadWrite",
                "diff_disk_settings": [],
                "disk_encryption_set_id": "",
                "disk_size_gb": 30,
                "name": "ansibledev-dc_disk1_fec3f792f62b421ca2adc7bc587164aa",
                "storage_account_type": "Standard_LRS",
                "write_accelerator_enabled": false
              }
            ],
            "plan": [],
            "priority": "Regular",
            "private_ip_address": "10.0.0.5",
            "private_ip_addresses": [
              "10.0.0.5"
            ],
            "provision_vm_agent": true,
            "proximity_placement_group_id": "",
            "public_ip_address": "20.58.166.169",
            "public_ip_addresses": [
              "20.58.166.169"
            ],
            "resource_group_name": "ansibledev-dc",
            "secret": [],
            "size": "Standard_B2s",
            "source_image_id": "",
            "source_image_reference": [
              {
                "offer": "UbuntuServer",
                "publisher": "Canonical",
                "sku": "18.04-LTS",
                "version": "latest"
              }
            ],
            "tags": null,
            "timeouts": null,
            "virtual_machine_id": "4c149c47-ca06-43a2-8b0f-11560e35df92",
            "virtual_machine_scale_set_id": "",
            "zone": ""
          },
          "private": "eyJlMmJmYjczMC1lY2FhLTExZTYtOGY4OC0zNDM2M2JjN2M0YzAiOnsiY3JlYXRlIjoyNzAwMDAwMDAwMDAwLCJkZWxldGUiOjI3MDAwMDAwMDAwMDAsInJlYWQiOjMwMDAwMDAwMDAwMCwidXBkYXRlIjoyNzAwMDAwMDAwMDAwfX0=",
          "dependencies": [
            "module.linux_vm.azurerm_network_interface.nic1",
            "module.linux_vm.azurerm_network_security_group.subnet1nsg1",
            "module.linux_vm.azurerm_public_ip.pip1",
            "module.linux_vm.azurerm_resource_group.rg1",
            "module.linux_vm.azurerm_virtual_network.vnet1",
            "module.linux_vm.data.azurerm_subnet.default",
            "module.linux_vm.tls_private_key.vm1key"
          ]
        }
      ]
    },
    {
      "module": "module.linux_vm",
      "mode": "managed",
      "type": "azurerm_network_interface",
      "name": "nic1",
      "provider": "provider[\"registry.terraform.io/hashicorp/azurerm\"]",
      "instances": [
        {
          "schema_version": 0,
          "attributes": {
            "applied_dns_servers": [],
            "dns_servers": [],
            "enable_accelerated_networking": false,
            "enable_ip_forwarding": false,
            "id": "/subscriptions/0825a2e6-549b-4c01-948e-b9f311d3c5cc/resourceGroups/ansibledev-dc/providers/Microsoft.Network/networkInterfaces/ansibledev-dc",
            "internal_dns_name_label": "",
            "internal_domain_name_suffix": "3zbzus5nwymejhd3425s0amioa.px.internal.cloudapp.net",
            "ip_configuration": [
              {
                "name": "internal",
                "primary": true,
                "private_ip_address": "10.0.0.5",
                "private_ip_address_allocation": "Static",
                "private_ip_address_version": "IPv4",
                "public_ip_address_id": "/subscriptions/0825a2e6-549b-4c01-948e-b9f311d3c5cc/resourceGroups/ansibledev-dc/providers/Microsoft.Network/publicIPAddresses/ansibledev-dc",
                "subnet_id": "/subscriptions/0825a2e6-549b-4c01-948e-b9f311d3c5cc/resourceGroups/ansibledev-dc/providers/Microsoft.Network/virtualNetworks/ansibledev-dc/subnets/default"
              }
            ],
            "location": "australiaeast",
            "mac_address": "",
            "name": "ansibledev-dc",
            "private_ip_address": "10.0.0.5",
            "private_ip_addresses": [
              "10.0.0.5"
            ],
            "resource_group_name": "ansibledev-dc",
            "tags": null,
            "timeouts": null,
            "virtual_machine_id": ""
          },
          "private": "eyJlMmJmYjczMC1lY2FhLTExZTYtOGY4OC0zNDM2M2JjN2M0YzAiOnsiY3JlYXRlIjoxODAwMDAwMDAwMDAwLCJkZWxldGUiOjE4MDAwMDAwMDAwMDAsInJlYWQiOjMwMDAwMDAwMDAwMCwidXBkYXRlIjoxODAwMDAwMDAwMDAwfX0=",
          "dependencies": [
            "module.linux_vm.azurerm_network_security_group.subnet1nsg1",
            "module.linux_vm.azurerm_public_ip.pip1",
            "module.linux_vm.azurerm_resource_group.rg1",
            "module.linux_vm.azurerm_virtual_network.vnet1",
            "module.linux_vm.data.azurerm_subnet.default"
          ]
        }
      ]
    },
    {
      "module": "module.linux_vm",
      "mode": "managed",
      "type": "azurerm_network_security_group",
      "name": "subnet1nsg1",
      "provider": "provider[\"registry.terraform.io/hashicorp/azurerm\"]",
      "instances": [
        {
          "schema_version": 0,
          "attributes": {
            "id": "/subscriptions/0825a2e6-549b-4c01-948e-b9f311d3c5cc/resourceGroups/ansibledev-dc/providers/Microsoft.Network/networkSecurityGroups/ansibledev-dc",
            "location": "australiaeast",
            "name": "ansibledev-dc",
            "resource_group_name": "ansibledev-dc",
            "security_rule": [],
            "tags": null,
            "timeouts": null
          },
          "private": "eyJlMmJmYjczMC1lY2FhLTExZTYtOGY4OC0zNDM2M2JjN2M0YzAiOnsiY3JlYXRlIjoxODAwMDAwMDAwMDAwLCJkZWxldGUiOjE4MDAwMDAwMDAwMDAsInJlYWQiOjMwMDAwMDAwMDAwMCwidXBkYXRlIjoxODAwMDAwMDAwMDAwfX0=",
          "dependencies": [
            "module.linux_vm.azurerm_resource_group.rg1"
          ]
        }
      ]
    },
    {
      "module": "module.linux_vm",
      "mode": "managed",
      "type": "azurerm_network_security_rule",
      "name": "subnet1nsg1rule1",
      "provider": "provider[\"registry.terraform.io/hashicorp/azurerm\"]",
      "instances": [
        {
          "schema_version": 0,
          "attributes": {
            "access": "Allow",
            "description": "Allow inbound SSH from single Public IP to Ansible Host",
            "destination_address_prefix": "10.0.0.5",
            "destination_address_prefixes": null,
            "destination_application_security_group_ids": null,
            "destination_port_range": "22",
            "destination_port_ranges": null,
            "direction": "Inbound",
            "id": "/subscriptions/0825a2e6-549b-4c01-948e-b9f311d3c5cc/resourceGroups/ansibledev-dc/providers/Microsoft.Network/networkSecurityGroups/ansibledev-dc/securityRules/SSH_allow",
            "name": "SSH_allow",
            "network_security_group_name": "ansibledev-dc",
            "priority": 100,
            "protocol": "Tcp",
            "resource_group_name": "ansibledev-dc",
            "source_address_prefix": "0.0.0.0",
            "source_address_prefixes": null,
            "source_application_security_group_ids": null,
            "source_port_range": "*",
            "source_port_ranges": null,
            "timeouts": null
          },
          "private": "eyJlMmJmYjczMC1lY2FhLTExZTYtOGY4OC0zNDM2M2JjN2M0YzAiOnsiY3JlYXRlIjoxODAwMDAwMDAwMDAwLCJkZWxldGUiOjE4MDAwMDAwMDAwMDAsInJlYWQiOjMwMDAwMDAwMDAwMCwidXBkYXRlIjoxODAwMDAwMDAwMDAwfX0=",
          "dependencies": [
            "module.linux_vm.azurerm_network_security_group.subnet1nsg1",
            "module.linux_vm.azurerm_resource_group.rg1"
          ]
        }
      ]
    },
    {
      "module": "module.linux_vm",
      "mode": "managed",
      "type": "azurerm_public_ip",
      "name": "pip1",
      "provider": "provider[\"registry.terraform.io/hashicorp/azurerm\"]",
      "instances": [
        {
          "schema_version": 0,
          "attributes": {
            "allocation_method": "Dynamic",
            "domain_name_label": "ansibledev-dc",
            "fqdn": "ansibledev-dc.australiaeast.cloudapp.azure.com",
            "id": "/subscriptions/0825a2e6-549b-4c01-948e-b9f311d3c5cc/resourceGroups/ansibledev-dc/providers/Microsoft.Network/publicIPAddresses/ansibledev-dc",
            "idle_timeout_in_minutes": 4,
            "ip_address": "",
            "ip_version": "IPv4",
            "location": "australiaeast",
            "name": "ansibledev-dc",
            "public_ip_prefix_id": null,
            "resource_group_name": "ansibledev-dc",
            "reverse_fqdn": "",
            "sku": "Basic",
            "tags": null,
            "timeouts": null,
            "zones": null
          },
          "private": "eyJlMmJmYjczMC1lY2FhLTExZTYtOGY4OC0zNDM2M2JjN2M0YzAiOnsiY3JlYXRlIjoxODAwMDAwMDAwMDAwLCJkZWxldGUiOjE4MDAwMDAwMDAwMDAsInJlYWQiOjMwMDAwMDAwMDAwMCwidXBkYXRlIjoxODAwMDAwMDAwMDAwfX0=",
          "dependencies": [
            "module.linux_vm.azurerm_resource_group.rg1"
          ]
        }
      ]
    },
    {
      "module": "module.linux_vm",
      "mode": "managed",
      "type": "azurerm_resource_group",
      "name": "rg1",
      "provider": "provider[\"registry.terraform.io/hashicorp/azurerm\"]",
      "instances": [
        {
          "schema_version": 0,
          "attributes": {
            "id": "/subscriptions/0825a2e6-549b-4c01-948e-b9f311d3c5cc/resourceGroups/ansibledev-dc",
            "location": "australiaeast",
            "name": "ansibledev-dc",
            "tags": null,
            "timeouts": null
          },
          "private": "eyJlMmJmYjczMC1lY2FhLTExZTYtOGY4OC0zNDM2M2JjN2M0YzAiOnsiY3JlYXRlIjo1NDAwMDAwMDAwMDAwLCJkZWxldGUiOjU0MDAwMDAwMDAwMDAsInJlYWQiOjMwMDAwMDAwMDAwMCwidXBkYXRlIjo1NDAwMDAwMDAwMDAwfX0="
        }
      ]
    },
    {
      "module": "module.linux_vm",
      "mode": "managed",
      "type": "azurerm_virtual_machine_extension",
      "name": "vm1extension",
      "provider": "provider[\"registry.terraform.io/hashicorp/azurerm\"]",
      "instances": [
        {
          "schema_version": 0,
          "attributes": {
            "auto_upgrade_minor_version": false,
            "id": "/subscriptions/0825a2e6-549b-4c01-948e-b9f311d3c5cc/resourceGroups/ansibledev-dc/providers/Microsoft.Compute/virtualMachines/ansibledev-dc/extensions/ansibledev-dc",
            "name": "ansibledev-dc",
            "protected_settings": "    {\n        \"commandToExecute\": \". ./ubuntu-setup-ansible.sh\"\n    }\n",
            "publisher": "Microsoft.Azure.Extensions",
            "settings": "{\"fileUris\":[\"https://raw.githubusercontent.com/globalbao/terraform-azurerm-ansible-linux-vm/master/scripts/ubuntu-setup-ansible.sh\"]}",
            "tags": null,
            "timeouts": null,
            "type": "CustomScript",
            "type_handler_version": "2.1",
            "virtual_machine_id": "/subscriptions/0825a2e6-549b-4c01-948e-b9f311d3c5cc/resourceGroups/ansibledev-dc/providers/Microsoft.Compute/virtualMachines/ansibledev-dc"
          },
          "private": "eyJlMmJmYjczMC1lY2FhLTExZTYtOGY4OC0zNDM2M2JjN2M0YzAiOnsiY3JlYXRlIjoxODAwMDAwMDAwMDAwLCJkZWxldGUiOjE4MDAwMDAwMDAwMDAsInJlYWQiOjMwMDAwMDAwMDAwMCwidXBkYXRlIjoxODAwMDAwMDAwMDAwfX0=",
          "dependencies": [
            "module.linux_vm.azurerm_linux_virtual_machine.vm1",
            "module.linux_vm.azurerm_network_interface.nic1",
            "module.linux_vm.azurerm_network_security_group.subnet1nsg1",
            "module.linux_vm.azurerm_public_ip.pip1",
            "module.linux_vm.azurerm_resource_group.rg1",
            "module.linux_vm.azurerm_virtual_network.vnet1",
            "module.linux_vm.data.azurerm_subnet.default",
            "module.linux_vm.tls_private_key.vm1key"
          ]
        }
      ]
    },
    {
      "module": "module.linux_vm",
      "mode": "managed",
      "type": "azurerm_virtual_network",
      "name": "vnet1",
      "provider": "provider[\"registry.terraform.io/hashicorp/azurerm\"]",
      "instances": [
        {
          "schema_version": 0,
          "attributes": {
            "address_space": [
              "10.0.0.0/24"
            ],
            "ddos_protection_plan": [],
            "dns_servers": null,
            "guid": "4b9a43ee-b6ed-4418-9c7d-f73f2d018870",
            "id": "/subscriptions/0825a2e6-549b-4c01-948e-b9f311d3c5cc/resourceGroups/ansibledev-dc/providers/Microsoft.Network/virtualNetworks/ansibledev-dc",
            "location": "australiaeast",
            "name": "ansibledev-dc",
            "resource_group_name": "ansibledev-dc",
            "subnet": [
              {
                "address_prefix": "10.0.0.0/24",
                "id": "/subscriptions/0825a2e6-549b-4c01-948e-b9f311d3c5cc/resourceGroups/ansibledev-dc/providers/Microsoft.Network/virtualNetworks/ansibledev-dc/subnets/default",
                "name": "default",
                "security_group": "/subscriptions/0825a2e6-549b-4c01-948e-b9f311d3c5cc/resourceGroups/ansibledev-dc/providers/Microsoft.Network/networkSecurityGroups/ansibledev-dc"
              }
            ],
            "tags": null,
            "timeouts": null
          },
          "private": "eyJlMmJmYjczMC1lY2FhLTExZTYtOGY4OC0zNDM2M2JjN2M0YzAiOnsiY3JlYXRlIjoxODAwMDAwMDAwMDAwLCJkZWxldGUiOjE4MDAwMDAwMDAwMDAsInJlYWQiOjMwMDAwMDAwMDAwMCwidXBkYXRlIjoxODAwMDAwMDAwMDAwfX0=",
          "dependencies": [
            "module.linux_vm.azurerm_network_security_group.subnet1nsg1",
            "module.linux_vm.azurerm_resource_group.rg1"
          ]
        }
      ]
    },
    {
      "module": "module.linux_vm",
      "mode": "managed",
      "type": "tls_private_key",
      "name": "vm1key",
      "provider": "provider[\"registry.terraform.io/hashicorp/tls\"]",
      "instances": [
        {
          "schema_version": 0,
          "attributes": {
            "algorithm": "RSA",
            "ecdsa_curve": "P224",
            "id": "29e54fcbcb66b5b8101e372c08ae7d2311c5ae23",
            "private_key_pem": "-----BEGIN RSA PRIVATE KEY-----\nMIIJKQIBAAKCAgEApc1thdEBuH/CnXAMF/zo0mJkGVj+dxJ3/lGtBbJRWBJuY1cb\n68Q5RZMydMZf1KBMNbHl9PzJz7YQIUBwcArHPNdQn8KyucR8kOWMbDpkcoeSfalH\n+egAQIJ8Jq1F9uuyfbRm5fMrld+oI1BrYbwmxfA8N56zTFToxZ6DFdmSeacEyzhU\n6zuNlRNxVRGKRKcnhzeNCItdIm39GcbDazdFHsqLtn9TjIsU6CNiwUDbuiQZi627\nDyY+muqFlBPKVl28IgoMt8a+YMZLIJL5nJ4X6SqZha5yUZE3Htx//mHgaCzQ6WnP\n85r5GJLwyOhukPHnDCd54CrlgGKxOFdgTdkvij3UAx/JEJw6OlBIl61rSjPzVCIR\nwEx31qavSLOl/SLpuRE038lkmALNqxvMs17Hk6W3nlFoXusqVj2o2N/oyllokcVv\nWRmOOEoQtmSpqWck7hup9P2BiFdP/i5y9z5g/3pDM8QCortnMj19L+akQXOjZDzS\n2hu0vh/XyuvSP6JTsOiK5/jycj87LM3esIt7igbCshuYkmczsIEXBnk81/e7QNSP\nP+5MaczYg2hfI+T/9MHHwqvbFcDeU62YF+w12G3AhKu9+KXrF+qmc70pYGRFrXaI\nqoeizNjKAdgRaL4c9EhSUeL8B+5uUxKko4AsYlAISTbSoRMjwTkPKGlnSAUCAwEA\nAQKCAgBbSqo0VSmiYc5Ri6FND/dN59j/z+2EuImTYXtoOI/rc3KOhiccgNWcBnlw\nrM2VMJHlusdIRmwET1XASU/fkT+0s0V0QerQuGxyB8Jy0Q//s8AoKq4z3tdMrcwY\nK63rUEneRxelI2hrRFO65gvKK6QZtrYhVeOZcuMb9LRusnahPyI3lxPC1e6WF7d+\nRIMiW/s6y45/FuU4EOGccMGm5i7LznBxEth4+ReQ3fMBP2n8quXZ79WgeMld2SWl\nq+Pr+/6bq3bnNaobdPNmwyZnYvD9dHRFlBDj8pYsCvL6qP+7vHlnG9jhZAIl0rp7\nlOdULa2vFolXsabeMvkrcYjYNG6kx5JyLUI9tO7E+Y4fm4rX8P+xDpvlaiY7sLkl\nDaRPFqATW/bmVR4DKc+ywtapc/wRynitr4g79KkM93SyneXwUV8dxcL1GEwWD80f\nAr1SHI6En+wbo9Zqua/RSlhjYCpH7j/sHm1RSxBVVZZXS3Ap/h7Ek9MRZJtcGXUG\nX+l/WO5QNjZxYa9VwGS2RBrGBxY33pWiXPZxI2N6aKinjCtNrcywR7qE2qpQhsO+\nAMPGED/khP8hnPRHRcJlo2AqcQ9yYOrHomxCGUCo8W1oZYlbQxgAOitApr9pD4+e\nf6A+taonUUX8/rYCzyBmAhLywHPGs8FdJ91cjwVgk1VQtf8ufQKCAQEAy0yqc6A5\nN9vWSjoH3zzBdSkd0R1s1nEbgCTFKLCa3xa0PCgadWIXUI+Py8BtUZaPlB/8KexI\nfsLkc1kk+AuEwcD10GARTDflYJbneGL4C7876Jk2hupZtNmNBiPMW8/lAhtdwgO7\n5zf113m6ILeYTFwks+I7ILM/EMZeuQB/tkmEuxPQnUA/mKADENjvqgWNvg5nFX4F\nyDByaCrS32ia13NO8Iq67Nl0Xc0ldFhzD3zEUVHq43E0JuS8wR3Ulcext4e/5BbB\nCZKkD/LL7H6cOiD5IRKPNYssi/3qFZbZvyMBvY/K/dJoyA2U71C/FlWYlI4zwBk7\nmNrWmFQ4h4rhvwKCAQEA0MhjpkofCztWkDgG8YBbadZoL/y7kDiepx7UgyNSXe/+\nCupgECn5R8V7+9W66Y9UdUsKpUSvLEG/acYOtZUpyZMc0fHMHgGCHJFvEKATYXOM\n0sEXdI3XjPSvsz9bLfQ0LsImXseeB+mCfcgsXo5uLt74ZxTARQB0ngS/CF/rORRu\nFJoXMbFATzNGkGYO9lSrsYbnWdb+/2RsLJvrmfqmEn58Wv+kP3d9nAVPYLhtT0to\na/Nm02rvzAj9E7mYfyjoOqweesPpBAnU2tkoVkFwDsrxvc1DIIt6euuBl3QJVsF/\nazdXPMVTNCzKLk2Qt+pyBV8MQPAtEVTRDgM0/Hj/OwKCAQEAh4288Y/Z1wb8IU4E\nRbNLAwXBXdeS5IFSZuUdmP34pduLnbjXu4EGLq8qoB7URVxwq8GP75we0na8wLSl\n08ZKZK52uNP1dK6ogPjdqgXDgoGmPnc6RkcoPU/5mihwcJ90AS2iHGVE+uzzPRNr\nKbmBERk3V8H2ztz1pge+zPgqL69hkyOpK9DVFr1Kjgc39lPxqNINpeT7kfnLru0u\n4cvrwtCdyAGYlaiA0LKi0KrRPXhhph9K0RCAR5aozNNJFf2q38biCgGqAOoH/qJT\nmoLpRFEMDCNF3dvIfid116NX2PxMgsrH/Oo493sm3VMntoqoTBVtKB8q/8aa48L0\nVlwiHQKCAQEAi1fzCh0WMwzbbU23dJ9SY4Tx7HUlSdBAMxHki9GbO47dYrOigadB\n9KDdauru4MsEd3QqGruInmUTN6k0UATJ6vsAlS5oKO6gxChclCACT1wrdM3itaul\nXTJBwcRbOoRt/3cc3M0lr+otaX2b/0/YQfgWmdXDrUnsizpntVMvTt1Pyvg82rGO\nVk3GnsE+4zEHlmiPJ+rSLen8OJmn2RDsnhNFNAbCvIknkGYK4Ga2reGKQ+Ijkp8g\nhHDLV8ra+KN4uw/9F7qBXmyhX57nyQnLnFPem+rPDn2ItVlRGKAdS4XBYPGCi9C3\nA2+RUO371IPoraUOLJkfux18mXmSd57Z2QKCAQAv8qLDCLQuPQ/J6a4/YQcuC3vc\ns0D4mIaJQFNOilyZsAGJJjMKyYxCIApVNfyrzfQ/RbkcKIHnCFSMn55vB+Oa/wce\n02/ZNY/KqGokAIZMXQpj8LkRBkIC7n/Q3TnUWz1cjqqvVc+D5AW+aCABtlGZCEvK\nOW6swWMoRjsKiCN9sQyh3LkwZKUcIC9+UuUcZ94wKOjHLaRnja4TcSBpbzQKg5Mc\ngOkTTp4DG3U+/pFnidO6iYFkjL8U9LsnT8C8LTWCZbstqhPHQ+78JEummqIS2TwW\nsowieuUiu5vPU2XIp3iuUftzb9OFk361Z5VJpv8+kyEQnQOFkeltS1Xg+6GX\n-----END RSA PRIVATE KEY-----\n",
            "public_key_fingerprint_md5": "b2:c0:e7:56:43:ef:6e:44:94:c2:67:aa:5a:58:d6:57",
            "public_key_openssh": "ssh-rsa AAAAB3NzaC1yc2EAAAADAQABAAACAQClzW2F0QG4f8KdcAwX/OjSYmQZWP53Enf+Ua0FslFYEm5jVxvrxDlFkzJ0xl/UoEw1seX0/MnPthAhQHBwCsc811CfwrK5xHyQ5YxsOmRyh5J9qUf56ABAgnwmrUX267J9tGbl8yuV36gjUGthvCbF8Dw3nrNMVOjFnoMV2ZJ5pwTLOFTrO42VE3FVEYpEpyeHN40Ii10ibf0ZxsNrN0Ueyou2f1OMixToI2LBQNu6JBmLrbsPJj6a6oWUE8pWXbwiCgy3xr5gxksgkvmcnhfpKpmFrnJRkTce3H/+YeBoLNDpac/zmvkYkvDI6G6Q8ecMJ3ngKuWAYrE4V2BN2S+KPdQDH8kQnDo6UEiXrWtKM/NUIhHATHfWpq9Is6X9Ium5ETTfyWSYAs2rG8yzXseTpbeeUWhe6ypWPajY3+jKWWiRxW9ZGY44ShC2ZKmpZyTuG6n0/YGIV0/+LnL3PmD/ekMzxAKiu2cyPX0v5qRBc6NkPNLaG7S+H9fK69I/olOw6Irn+PJyPzsszd6wi3uKBsKyG5iSZzOwgRcGeTzX97tA1I8/7kxpzNiDaF8j5P/0wcfCq9sVwN5TrZgX7DXYbcCEq734pesX6qZzvSlgZEWtdoiqh6LM2MoB2BFovhz0SFJR4vwH7m5TEqSjgCxiUAhJNtKhEyPBOQ8oaWdIBQ==\n",
            "public_key_pem": "-----BEGIN PUBLIC KEY-----\nMIICIjANBgkqhkiG9w0BAQEFAAOCAg8AMIICCgKCAgEApc1thdEBuH/CnXAMF/zo\n0mJkGVj+dxJ3/lGtBbJRWBJuY1cb68Q5RZMydMZf1KBMNbHl9PzJz7YQIUBwcArH\nPNdQn8KyucR8kOWMbDpkcoeSfalH+egAQIJ8Jq1F9uuyfbRm5fMrld+oI1BrYbwm\nxfA8N56zTFToxZ6DFdmSeacEyzhU6zuNlRNxVRGKRKcnhzeNCItdIm39GcbDazdF\nHsqLtn9TjIsU6CNiwUDbuiQZi627DyY+muqFlBPKVl28IgoMt8a+YMZLIJL5nJ4X\n6SqZha5yUZE3Htx//mHgaCzQ6WnP85r5GJLwyOhukPHnDCd54CrlgGKxOFdgTdkv\nij3UAx/JEJw6OlBIl61rSjPzVCIRwEx31qavSLOl/SLpuRE038lkmALNqxvMs17H\nk6W3nlFoXusqVj2o2N/oyllokcVvWRmOOEoQtmSpqWck7hup9P2BiFdP/i5y9z5g\n/3pDM8QCortnMj19L+akQXOjZDzS2hu0vh/XyuvSP6JTsOiK5/jycj87LM3esIt7\nigbCshuYkmczsIEXBnk81/e7QNSPP+5MaczYg2hfI+T/9MHHwqvbFcDeU62YF+w1\n2G3AhKu9+KXrF+qmc70pYGRFrXaIqoeizNjKAdgRaL4c9EhSUeL8B+5uUxKko4As\nYlAISTbSoRMjwTkPKGlnSAUCAwEAAQ==\n-----END PUBLIC KEY-----\n",
            "rsa_bits": 4096
          },
          "private": "bnVsbA=="
        }
      ]
    }
  ]
}
